
Microsoft Visual Studio Solution File, Format Version 12.00
# Visual Studio Version 16
VisualStudioVersion = 16.0.33130.400
MinimumVisualStudioVersion = 10.0.40219.1
Project("{FAE04EC0-301F-11D3-BF4B-00C04F79EFBC}") = "SeçimUygulama", "SeçimUygulama.csproj", "{E0E6829F-B0BB-4730-A933-C6CAD1C3895F}"
EndProject
Global
	GlobalSection(SolutionConfigurationPlatforms) = preSolution
		Debug|Any CPU = Debug|Any CPU
		Release|Any CPU = Release|Any CPU
	EndGlobalSection
	GlobalSection(ProjectConfigurationPlatforms) = postSolution
		{E0E6829F-B0BB-4730-A933-C6CAD1C3895F}.Debug|Any CPU.ActiveCfg = Debug|Any CPU
		{E0E6829F-B0BB-4730-A933-C6CAD1C3895F}.Debug|Any CPU.Build.0 = Debug|Any CPU
		{E0E6829F-B0BB-4730-A933-C6CAD1C3895F}.Release|Any CPU.ActiveCfg = Release|Any CPU
		{E0E6829F-B0BB-4730-A933-C6CAD1C3895F}.Release|Any CPU.Build.0 = Release|Any CPU
	EndGlobalSection
	GlobalSection(SolutionProperties) = preSolution
		HideSolutionNode = FALSE
	EndGlobalSection
	GlobalSection(ExtensibilityGlobals) = postSolution
		SolutionGuid = {3E20A131-E289-4C59-93C5-A03DE2D86BB1}
	EndGlobalSection
EndGlobal
